// !$*UTF8*$!
{
	archiveVersion = 1;
	classes = {
	};
	objectVersion = 46;
	objects = {

/* Begin PBXBuildFile section */
		EE32D0F21EA2EC9000F86FBB /* AppDelegate.swift in Sources */ = {isa = PBXBuildFile; fileRef = EE32D0F11EA2EC9000F86FBB /* AppDelegate.swift */; };
		EE32D0F41EA2EC9000F86FBB /* ViewController.swift in Sources */ = {isa = PBXBuildFile; fileRef = EE32D0F31EA2EC9000F86FBB /* ViewController.swift */; };
		EE32D0F71EA2EC9000F86FBB /* Main.storyboard in Resources */ = {isa = PBXBuildFile; fileRef = EE32D0F51EA2EC9000F86FBB /* Main.storyboard */; };
		EE32D0FA1EA2EC9000F86FBB /* NightOut.xcdatamodeld in Sources */ = {isa = PBXBuildFile; fileRef = EE32D0F81EA2EC9000F86FBB /* NightOut.xcdatamodeld */; };
		EE32D0FC1EA2EC9000F86FBB /* Assets.xcassets in Resources */ = {isa = PBXBuildFile; fileRef = EE32D0FB1EA2EC9000F86FBB /* Assets.xcassets */; };
		EE32D0FF1EA2EC9000F86FBB /* LaunchScreen.storyboard in Resources */ = {isa = PBXBuildFile; fileRef = EE32D0FD1EA2EC9000F86FBB /* LaunchScreen.storyboard */; };
/* End PBXBuildFile section */

/* Begin PBXFileReference section */
		EE32D0EE1EA2EC9000F86FBB /* NightOut.app */ = {isa = PBXFileReference; explicitFileType = wrapper.application; includeInIndex = 0; path = NightOut.app; sourceTree = BUILT_PRODUCTS_DIR; };
		EE32D0F11EA2EC9000F86FBB /* AppDelegate.swift */ = {isa = PBXFileReference; lastKnownFileType = sourcecode.swift; path = AppDelegate.swift; sourceTree = "<group>"; };
		EE32D0F31EA2EC9000F86FBB /* ViewController.swift */ = {isa = PBXFileReference; lastKnownFileType = sourcecode.swift; path = ViewController.swift; sourceTree = "<group>"; };
		EE32D0F61EA2EC9000F86FBB /* Base */ = {isa = PBXFileReference; lastKnownFileType = file.storyboard; name = Base; path = Base.lproj/Main.storyboard; sourceTree = "<group>"; };
		EE32D0F91EA2EC9000F86FBB /* NightOut.xcdatamodel */ = {isa = PBXFileReference; lastKnownFileType = wrapper.xcdatamodel; path = NightOut.xcdatamodel; sourceTree = "<group>"; };
		EE32D0FB1EA2EC9000F86FBB /* Assets.xcassets */ = {isa = PBXFileReference; lastKnownFileType = folder.assetcatalog; path = Assets.xcassets; sourceTree = "<group>"; };
		EE32D0FE1EA2EC9000F86FBB /* Base */ = {isa = PBXFileReference; lastKnownFileType = file.storyboard; name = Base; path = Base.lproj/LaunchScreen.storyboard; sourceTree = "<group>"; };
		EE32D1001EA2EC9000F86FBB /* Info.plist */ = {isa = PBXFileReference; lastKnownFileType = text.plist.xml; path = Info.plist; sourceTree = "<group>"; };
/* End PBXFileReference section */

/* Begin PBXFrameworksBuildPhase section */
		EE32D0EB1EA2EC9000F86FBB /* Frameworks */ = {
			isa = PBXFrameworksBuildPhase;
			buildActionMask = 2147483647;
			files = (
			);
			runOnlyForDeploymentPostprocessing = 0;
		};
/* End PBXFrameworksBuildPhase section */

/* Begin PBXGroup section */
		EE32D0E51EA2EC9000F86FBB = {
			isa = PBXGroup;
			children = (
				EE32D0F01EA2EC9000F86FBB /* NightOut */,
				EE32D0EF1EA2EC9000F86FBB /* Products */,
			);
			sourceTree = "<group>";
		};
		EE32D0EF1EA2EC9000F86FBB /* Products */ = {
			isa = PBXGroup;
			children = (
				EE32D0EE1EA2EC9000F86FBB /* NightOut.app */,
			);
			name = Products;
			sourceTree = "<group>";
		};
		EE32D0F01EA2EC9000F86FBB /* NightOut */ = {
			isa = PBXGroup;
			children = (
				EE32D0F11EA2EC9000F86FBB /* AppDelegate.swift */,
				EE32D0F31EA2EC9000F86FBB /* ViewController.swift */,
				EE32D0F51EA2EC9000F86FBB /* Main.storyboard */,
				EE32D0FB1EA2EC9000F86FBB /* Assets.xcassets */,
				EE32D0FD1EA2EC9000F86FBB /* LaunchScreen.storyboard */,
				EE32D1001EA2EC9000F86FBB /* Info.plist */,
				EE32D0F81EA2EC9000F86FBB /* NightOut.xcdatamodeld */,
			);
			path = NightOut;
			sourceTree = "<group>";
		};
/* End PBXGroup section */

/* Begin PBXNativeTarget section */
		EE32D0ED1EA2EC9000F86FBB /* NightOut */ = {
			isa = PBXNativeTarget;
			buildConfigurationList = EE32D1031EA2EC9000F86FBB /* Build configuration list for PBXNativeTarget "NightOut" */;
			buildPhases = (
				EE32D0EA1EA2EC9000F86FBB /* Sources */,
				EE32D0EB1EA2EC9000F86FBB /* Frameworks */,
				EE32D0EC1EA2EC9000F86FBB /* Resources */,
			);
			buildRules = (
			);
			dependencies = (
			);
			name = NightOut;
			productName = NightOut;
			productReference = EE32D0EE1EA2EC9000F86FBB /* NightOut.app */;
			productType = "com.apple.product-type.application";
		};
/* End PBXNativeTarget section */

/* Begin PBXProject section */
		EE32D0E61EA2EC9000F86FBB /* Project object */ = {
			isa = PBXProject;
			attributes = {
				LastSwiftUpdateCheck = 0830;
				LastUpgradeCheck = 0830;
				ORGANIZATIONNAME = "Minon Weerasinghe";
				TargetAttributes = {
					EE32D0ED1EA2EC9000F86FBB = {
						CreatedOnToolsVersion = 8.3.1;
						ProvisioningStyle = Automatic;
					};
				};
			};
			buildConfigurationList = EE32D0E91EA2EC9000F86FBB /* Build configuration list for PBXProject "NightOut" */;
			compatibilityVersion = "Xcode 3.2";
			developmentRegion = English;
			hasScannedForEncodings = 0;
			knownRegions = (
				en,
				Base,
			);
			mainGroup = EE32D0E51EA2EC9000F86FBB;
			productRefGroup = EE32D0EF1EA2EC9000F86FBB /* Products */;
			projectDirPath = "";
			projectRoot = "";
			targets = (
				EE32D0ED1EA2EC9000F86FBB /* NightOut */,
			);
		};
/* End PBXProject section */

/* Begin PBXResourcesBuildPhase section */
		EE32D0EC1EA2EC9000F86FBB /* Resources */ = {
			isa = PBXResourcesBuildPhase;
			buildActionMask = 2147483647;
			files = (
				EE32D0FF1EA2EC9000F86FBB /* LaunchScreen.storyboard in Resources */,
				EE32D0FC1EA2EC9000F86FBB /* Assets.xcassets in Resources */,
				EE32D0F71EA2EC9000F86FBB /* Main.storyboard in Resources */,
			);
			runOnlyForDeploymentPostprocessing = 0;
		};
/* End PBXResourcesBuildPhase section */

/* Begin PBXSourcesBuildPhase section */
		EE32D0EA1EA2EC9000F86FBB /* Sources */ = {
			isa = PBXSourcesBuildPhase;
			buildActionMask = 2147483647;
			files = (
				EE32D0F41EA2EC9000F86FBB /* ViewController.swift in Sources */,
				EE32D0F21EA2EC9000F86FBB /* AppDelegate.swift in Sources */,
				EE32D0FA1EA2EC9000F86FBB /* NightOut.xcdatamodeld in Sources */,
			);
			runOnlyForDeploymentPostprocessing = 0;
		};
/* End PBXSourcesBuildPhase section */

/* Begin PBXVariantGroup section */
		EE32D0F51EA2EC9000F86FBB /* Main.storyboard */ = {
			isa = PBXVariantGroup;
			children = (
				EE32D0F61EA2EC9000F86FBB /* Base */,
			);
			name = Main.storyboard;
			sourceTree = "<group>";
		};
		EE32D0FD1EA2EC9000F86FBB /* LaunchScreen.storyboard */ = {
			isa = PBXVariantGroup;
			children = (
				EE32D0FE1EA2EC9000F86FBB /* Base */,
			);
			name = LaunchScreen.storyboard;
			sourceTree = "<group>";
		};
/* End PBXVariantGroup section */

/* Begin XCBuildConfiguration section */
		EE32D1011EA2EC9000F86FBB /* Debug */ = {
			isa = XCBuildConfiguration;
			buildSettings = {
				ALWAYS_SEARCH_USER_PATHS = NO;
				CLANG_ANALYZER_NONNULL = YES;
				CLANG_ANALYZER_NUMBER_OBJECT_CONVERSION = YES_AGGRESSIVE;
				CLANG_CXX_LANGUAGE_STANDARD = "gnu++0x";
				CLANG_CXX_LIBRARY = "libc++";
				CLANG_ENABLE_MODULES = YES;
				CLANG_ENABLE_OBJC_ARC = YES;
				CLANG_WARN_BOOL_CONVERSION = YES;
				CLANG_WARN_CONSTANT_CONVERSION = YES;
				CLANG_WARN_DIRECT_OBJC_ISA_USAGE = YES_ERROR;
				CLANG_WARN_DOCUMENTATION_COMMENTS = YES;
				CLANG_WARN_EMPTY_BODY = YES;
				CLANG_WARN_ENUM_CONVERSION = YES;
				CLANG_WARN_INFINITE_RECURSION = YES;
				CLANG_WARN_INT_CONVERSION = YES;
				CLANG_WARN_OBJC_ROOT_CLASS = YES_ERROR;
				CLANG_WARN_SUSPICIOUS_MOVE = YES;
				CLANG_WARN_UNREACHABLE_CODE = YES;
				CLANG_WARN__DUPLICATE_METHOD_MATCH = YES;
				"CODE_SIGN_IDENTITY[sdk=iphoneos*]" = "iPhone Developer";
				COPY_PHASE_STRIP = NO;
				DEBUG_INFORMATION_FORMAT = dwarf;
				ENABLE_STRICT_OBJC_MSGSEND = YES;
				ENABLE_TESTABILITY = YES;
				GCC_C_LANGUAGE_STANDARD = gnu99;
				GCC_DYNAMIC_NO_PIC = NO;
				GCC_NO_COMMON_BLOCKS = YES;
				GCC_OPTIMIZATION_LEVEL = 0;
				GCC_PREPROCESSOR_DEFINITIONS = (
					"DEBUG=1",
					"$(inherited)",
				);
				GCC_WARN_64_TO_32_BIT_CONVERSION = YES;
				GCC_WARN_ABOUT_RETURN_TYPE = YES_ERROR;
				GCC_WARN_UNDECLARED_SELECTOR = YES;
				GCC_WARN_UNINITIALIZED_AUTOS = YES_AGGRESSIVE;
				GCC_WARN_UNUSED_FUNCTION = YES;
				GCC_WARN_UNUSED_VARIABLE = YES;
				IPHONEOS_DEPLOYMENT_TARGET = 10.3;
				MTL_ENABLE_DEBUG_INFO = YES;
				ONLY_ACTIVE_ARCH = YES;
				SDKROOT = iphoneos;
				SWIFT_ACTIVE_COMPILATION_CONDITIONS = DEBUG;
				SWIFT_OPTIMIZATION_LEVEL = "-Onone";
			};
			name = Debug;
		};
		EE32D1021EA2EC9000F86FBB /* Release */ = {
			isa = XCBuildConfiguration;
			buildSettings = {
				ALWAYS_SEARCH_USER_PATHS = NO;
				CLANG_ANALYZER_NONNULL = YES;
				CLANG_ANALYZER_NUMBER_OBJECT_CONVERSION = YES_AGGRESSIVE;
				CLANG_CXX_LANGUAGE_STANDARD = "gnu++0x";
				CLANG_CXX_LIBRARY = "libc++";
				CLANG_ENABLE_MODULES = YES;
				CLANG_ENABLE_OBJC_ARC = YES;
				CLANG_WARN_BOOL_CONVERSION = YES;
				CLANG_WARN_CONSTANT_CONVERSION = YES;
				CLANG_WARN_DIRECT_OBJC_ISA_USAGE = YES_ERROR;
				CLANG_WARN_DOCUMENTATION_COMMENTS = YES;
				CLANG_WARN_EMPTY_BODY = YES;
				CLANG_WARN_ENUM_CONVERSION = YES;
				CLANG_WARN_INFINITE_RECURSION = YES;
				CLANG_WARN_INT_CONVERSION = YES;
				CLANG_WARN_OBJC_ROOT_CLASS = YES_ERROR;
				CLANG_WARN_SUSPICIOUS_MOVE = YES;
				CLANG_WARN_UNREACHABLE_CODE = YES;
				CLANG_WARN__DUPLICATE_METHOD_MATCH = YES;
				"CODE_SIGN_IDENTITY[sdk=iphoneos*]" = "iPhone Developer";
				COPY_PHASE_STRIP = NO;
				DEBUG_INFORMATION_FORMAT = "dwarf-with-dsym";
				ENABLE_NS_ASSERTIONS = NO;
				ENABLE_STRICT_OBJC_MSGSEND = YES;
				GCC_C_LANGUAGE_STANDARD = gnu99;
				GCC_NO_COMMON_BLOCKS = YES;
				GCC_WARN_64_TO_32_BIT_CONVERSION = YES;
				GCC_WARN_ABOUT_RETURN_TYPE = YES_ERROR;
				GCC_WARN_UNDECLARED_SELECTOR = YES;
				GCC_WARN_UNINITIALIZED_AUTOS = YES_AGGRESSIVE;
				GCC_WARN_UNUSED_FUNCTION = YES;
				GCC_WARN_UNUSED_VARIABLE = YES;
				IPHONEOS_DEPLOYMENT_TARGET = 10.3;
				MTL_ENABLE_DEBUG_INFO = NO;
				SDKROOT = iphoneos;
				SWIFT_OPTIMIZATION_LEVEL = "-Owholemodule";
				VALIDATE_PRODUCT = YES;
			};
			name = Release;
		};
		EE32D1041EA2EC9000F86FBB /* Debug */ = {
			isa = XCBuildConfiguration;
			buildSettings = {
				ASSETCATALOG_COMPILER_APPICON_NAME = AppIcon;
				INFOPLIST_FILE = NightOut/Info.plist;
				LD_RUNPATH_SEARCH_PATHS = "$(inherited) @executable_path/Frameworks";
				PRODUCT_BUNDLE_IDENTIFIER = Monash.NightOut;
				PRODUCT_NAME = "$(TARGET_NAME)";
				SWIFT_VERSION = 3.0;
			};
			name = Debug;
		};
		EE32D1051EA2EC9000F86FBB /* Release */ = {
			isa = XCBuildConfiguration;
			buildSettings = {
				ASSETCATALOG_COMPILER_APPICON_NAME = AppIcon;
				INFOPLIST_FILE = NightOut/Info.plist;
				LD_RUNPATH_SEARCH_PATHS = "$(inherited) @executable_path/Frameworks";
				PRODUCT_BUNDLE_IDENTIFIER = Monash.NightOut;
				PRODUCT_NAME = "$(TARGET_NAME)";
				SWIFT_VERSION = 3.0;
			};
			name = Release;
		};
/* End XCBuildConfiguration section */

/* Begin XCConfigurationList section */
		EE32D0E91EA2EC9000F86FBB /* Build configuration list for PBXProject "NightOut" */ = {
			isa = XCConfigurationList;
			buildConfigurations = (
				EE32D1011EA2EC9000F86FBB /* Debug */,
				EE32D1021EA2EC9000F86FBB /* Release */,
			);
			defaultConfigurationIsVisible = 0;
			defaultConfigurationName = Release;
		};
		EE32D1031EA2EC9000F86FBB /* Build configuration list for PBXNativeTarget "NightOut" */ = {
			isa = XCConfigurationList;
			buildConfigurations = (
				EE32D1041EA2EC9000F86FBB /* Debug */,
				EE32D1051EA2EC9000F86FBB /* Release */,
			);
			defaultConfigurationIsVisible = 0;
		};
/* End XCConfigurationList section */

/* Begin XCVersionGroup section */
		EE32D0F81EA2EC9000F86FBB /* NightOut.xcdatamodeld */ = {
			isa = XCVersionGroup;
			children = (
				EE32D0F91EA2EC9000F86FBB /* NightOut.xcdatamodel */,
			);
			currentVersion = EE32D0F91EA2EC9000F86FBB /* NightOut.xcdatamodel */;
			path = NightOut.xcdatamodeld;
			sourceTree = "<group>";
			versionGroupType = wrapper.xcdatamodel;
		};
/* End XCVersionGroup section */
	};
	rootObject = EE32D0E61EA2EC9000F86FBB /* Project object */;
}
